<Solution>
  <Folder Name="/src/">
    <Project Path="src/Kernel.Contracts/Kernel.Contracts.csproj" />
    <Project Path="src/KrnlAI.Cli/KrnlAI.Cli.csproj" />
    <Project Path="src/KrnlAI.Sidecar/KrnlAI.Sidecar.csproj" />
  </Folder>
  <Folder Name="/tests/">
    <Project Path="tests/KrnlAI.Cli.Tests/KrnlAI.Cli.Tests.csproj" />
    <Project Path="tests/KrnlAI.Sidecar.Tests/KrnlAI.Sidecar.Tests.csproj" />
    <Project Path="tests/Kernel.Tests/Kernel.Tests.csproj" />
  </Folder>
</Solution>
